// !$*UTF8*$!
{
	archiveVersion = 1;
	classes = {
	};
	objectVersion = 77;
	objects = {

/* Begin PBXContainerItemProxy section */
		7B92F2C22DB4F90800FDC9BF /* PBXContainerItemProxy */ = {
			isa = PBXContainerItemProxy;
			containerPortal = 7B92F2A92DB4F90600FDC9BF /* Project object */;
			proxyType = 1;
			remoteGlobalIDString = 7B92F2B02DB4F90600FDC9BF;
			remoteInfo = cryptoTracker;
		};
		7B92F2CC2DB4F90800FDC9BF /* PBXContainerItemProxy */ = {
			isa = PBXContainerItemProxy;
			containerPortal = 7B92F2A92DB4F90600FDC9BF /* Project object */;
			proxyType = 1;
			remoteGlobalIDString = 7B92F2B02DB4F90600FDC9BF;
			remoteInfo = cryptoTracker;
		};
/* End PBXContainerItemProxy section */

/* Begin PBXFileReference section */
		7B92F2B12DB4F90600FDC9BF /* cryptoTracker.app */ = {isa = PBXFileReference; explicitFileType = wrapper.application; includeInIndex = 0; path = cryptoTracker.app; sourceTree = BUILT_PRODUCTS_DIR; };
		7B92F2C12DB4F90800FDC9BF /* cryptoTrackerTests.xctest */ = {isa = PBXFileReference; explicitFileType = wrapper.cfbundle; includeInIndex = 0; path = cryptoTrackerTests.xctest; sourceTree = BUILT_PRODUCTS_DIR; };
		7B92F2CB2DB4F90800FDC9BF /* cryptoTrackerUITests.xctest */ = {isa = PBXFileReference; explicitFileType = wrapper.cfbundle; includeInIndex = 0; path = cryptoTrackerUITests.xctest; sourceTree = BUILT_PRODUCTS_DIR; };
/* End PBXFileReference section */

/* Begin PBXFileSystemSynchronizedRootGroup section */
		7B92F2B32DB4F90600FDC9BF /* cryptoTracker */ = {
			isa = PBXFileSystemSynchronizedRootGroup;
			path = cryptoTracker;
			sourceTree = "<group>";
		};
		7B92F2C42DB4F90800FDC9BF /* cryptoTrackerTests */ = {
			isa = PBXFileSystemSynchronizedRootGroup;
			path = cryptoTrackerTests;
			sourceTree = "<group>";
		};
		7B92F2CE2DB4F90800FDC9BF /* cryptoTrackerUITests */ = {
			isa = PBXFileSystemSynchronizedRootGroup;
			path = cryptoTrackerUITests;
			sourceTree = "<group>";
		};
/* End PBXFileSystemSynchronizedRootGroup section */

/* Begin PBXFrameworksBuildPhase section */
		7B92F2AE2DB4F90600FDC9BF /* Frameworks */ = {
			isa = PBXFrameworksBuildPhase;
			buildActionMask = 2147483647;
			files = (
			);
			runOnlyForDeploymentPostprocessing = 0;
		};
		7B92F2BE2DB4F90800FDC9BF /* Frameworks */ = {
			isa = PBXFrameworksBuildPhase;
			buildActionMask = 2147483647;
			files = (
			);
			runOnlyForDeploymentPostprocessing = 0;
		};
		7B92F2C82DB4F90800FDC9BF /* Frameworks */ = {
			isa = PBXFrameworksBuildPhase;
			buildActionMask = 2147483647;
			files = (
			);
			runOnlyForDeploymentPostprocessing = 0;
		};
/* End PBXFrameworksBuildPhase section */

/* Begin PBXGroup section */
		7B92F2A82DB4F90600FDC9BF = {
			isa = PBXGroup;
			children = (
				7B92F2B32DB4F90600FDC9BF /* cryptoTracker */,
				7B92F2C42DB4F90800FDC9BF /* cryptoTrackerTests */,
				7B92F2CE2DB4F90800FDC9BF /* cryptoTrackerUITests */,
				7B92F2B22DB4F90600FDC9BF /* Products */,
			);
			sourceTree = "<group>";
		};
		7B92F2B22DB4F90600FDC9BF /* Products */ = {
			isa = PBXGroup;
			children = (
				7B92F2B12DB4F90600FDC9BF /* cryptoTracker.app */,
				7B92F2C12DB4F90800FDC9BF /* cryptoTrackerTests.xctest */,
				7B92F2CB2DB4F90800FDC9BF /* cryptoTrackerUITests.xctest */,
			);
			name = Products;
			sourceTree = "<group>";
		};
/* End PBXGroup section */

/* Begin PBXNativeTarget section */
		7B92F2B02DB4F90600FDC9BF /* cryptoTracker */ = {
			isa = PBXNativeTarget;
			buildConfigurationList = 7B92F2D52DB4F90800FDC9BF /* Build configuration list for PBXNativeTarget "cryptoTracker" */;
			buildPhases = (
				7B92F2DE2DB4F91900FDC9BF /* ShellScript */,
				7B92F2AD2DB4F90600FDC9BF /* Sources */,
				7B92F2AE2DB4F90600FDC9BF /* Frameworks */,
				7B92F2AF2DB4F90600FDC9BF /* Resources */,
			);
			buildRules = (
			);
			dependencies = (
			);
			fileSystemSynchronizedGroups = (
				7B92F2B32DB4F90600FDC9BF /* cryptoTracker */,
			);
			name = cryptoTracker;
			packageProductDependencies = (
			);
			productName = cryptoTracker;
			productReference = 7B92F2B12DB4F90600FDC9BF /* cryptoTracker.app */;
			productType = "com.apple.product-type.application";
		};
		7B92F2C02DB4F90800FDC9BF /* cryptoTrackerTests */ = {
			isa = PBXNativeTarget;
			buildConfigurationList = 7B92F2D82DB4F90800FDC9BF /* Build configuration list for PBXNativeTarget "cryptoTrackerTests" */;
			buildPhases = (
				7B92F2BD2DB4F90800FDC9BF /* Sources */,
				7B92F2BE2DB4F90800FDC9BF /* Frameworks */,
				7B92F2BF2DB4F90800FDC9BF /* Resources */,
			);
			buildRules = (
			);
			dependencies = (
				7B92F2C32DB4F90800FDC9BF /* PBXTargetDependency */,
			);
			fileSystemSynchronizedGroups = (
				7B92F2C42DB4F90800FDC9BF /* cryptoTrackerTests */,
			);
			name = cryptoTrackerTests;
			packageProductDependencies = (
			);
			productName = cryptoTrackerTests;
			productReference = 7B92F2C12DB4F90800FDC9BF /* cryptoTrackerTests.xctest */;
			productType = "com.apple.product-type.bundle.unit-test";
		};
		7B92F2CA2DB4F90800FDC9BF /* cryptoTrackerUITests */ = {
			isa = PBXNativeTarget;
			buildConfigurationList = 7B92F2DB2DB4F90800FDC9BF /* Build configuration list for PBXNativeTarget "cryptoTrackerUITests" */;
			buildPhases = (
				7B92F2C72DB4F90800FDC9BF /* Sources */,
				7B92F2C82DB4F90800FDC9BF /* Frameworks */,
				7B92F2C92DB4F90800FDC9BF /* Resources */,
			);
			buildRules = (
			);
			dependencies = (
				7B92F2CD2DB4F90800FDC9BF /* PBXTargetDependency */,
			);
			fileSystemSynchronizedGroups = (
				7B92F2CE2DB4F90800FDC9BF /* cryptoTrackerUITests */,
			);
			name = cryptoTrackerUITests;
			packageProductDependencies = (
			);
			productName = cryptoTrackerUITests;
			productReference = 7B92F2CB2DB4F90800FDC9BF /* cryptoTrackerUITests.xctest */;
			productType = "com.apple.product-type.bundle.ui-testing";
		};
/* End PBXNativeTarget section */

/* Begin PBXProject section */
		7B92F2A92DB4F90600FDC9BF /* Project object */ = {
			isa = PBXProject;
			attributes = {
				BuildIndependentTargetsInParallel = 1;
				LastSwiftUpdateCheck = 1620;
				LastUpgradeCheck = 1620;
				TargetAttributes = {
					7B92F2B02DB4F90600FDC9BF = {
						CreatedOnToolsVersion = 16.2;
					};
					7B92F2C02DB4F90800FDC9BF = {
						CreatedOnToolsVersion = 16.2;
						TestTargetID = 7B92F2B02DB4F90600FDC9BF;
					};
					7B92F2CA2DB4F90800FDC9BF = {
						CreatedOnToolsVersion = 16.2;
						TestTargetID = 7B92F2B02DB4F90600FDC9BF;
					};
				};
			};
			buildConfigurationList = 7B92F2AC2DB4F90600FDC9BF /* Build configuration list for PBXProject "cryptoTracker" */;
			developmentRegion = en;
			hasScannedForEncodings = 0;
			knownRegions = (
				en,
				Base,
			);
			mainGroup = 7B92F2A82DB4F90600FDC9BF;
			minimizedProjectReferenceProxies = 1;
			preferredProjectObjectVersion = 77;
			productRefGroup = 7B92F2B22DB4F90600FDC9BF /* Products */;
			projectDirPath = "";
			projectRoot = "";
			targets = (
				7B92F2B02DB4F90600FDC9BF /* cryptoTracker */,
				7B92F2C02DB4F90800FDC9BF /* cryptoTrackerTests */,
				7B92F2CA2DB4F90800FDC9BF /* cryptoTrackerUITests */,
			);
		};
/* End PBXProject section */

/* Begin PBXResourcesBuildPhase section */
		7B92F2AF2DB4F90600FDC9BF /* Resources */ = {
			isa = PBXResourcesBuildPhase;
			buildActionMask = 2147483647;
			files = (
			);
			runOnlyForDeploymentPostprocessing = 0;
		};
		7B92F2BF2DB4F90800FDC9BF /* Resources */ = {
			isa = PBXResourcesBuildPhase;
			buildActionMask = 2147483647;
			files = (
			);
			runOnlyForDeploymentPostprocessing = 0;
		};
		7B92F2C92DB4F90800FDC9BF /* Resources */ = {
			isa = PBXResourcesBuildPhase;
			buildActionMask = 2147483647;
			files = (
			);
			runOnlyForDeploymentPostprocessing = 0;
		};
/* End PBXResourcesBuildPhase section */

/* Begin PBXShellScriptBuildPhase section */
		7B92F2DE2DB4F91900FDC9BF /* ShellScript */ = {
			isa = PBXShellScriptBuildPhase;
			buildActionMask = 2147483647;
			files = (
			);
			inputFileListPaths = (
			);
			inputPaths = (
			);
			outputFileListPaths = (
			);
			outputPaths = (
			);
			runOnlyForDeploymentPostprocessing = 0;
			shellPath = /bin/sh;
			shellScript = "cd \"$SRCROOT/..\"\n./gradlew :shared:embedAndSignAppleFrameworkForXcode\n";
		};
/* End PBXShellScriptBuildPhase section */

/* Begin PBXSourcesBuildPhase section */
		7B92F2AD2DB4F90600FDC9BF /* Sources */ = {
			isa = PBXSourcesBuildPhase;
			buildActionMask = 2147483647;
			files = (
			);
			runOnlyForDeploymentPostprocessing = 0;
		};
		7B92F2BD2DB4F90800FDC9BF /* Sources */ = {
			isa = PBXSourcesBuildPhase;
			buildActionMask = 2147483647;
			files = (
			);
			runOnlyForDeploymentPostprocessing = 0;
		};
		7B92F2C72DB4F90800FDC9BF /* Sources */ = {
			isa = PBXSourcesBuildPhase;
			buildActionMask = 2147483647;
			files = (
			);
			runOnlyForDeploymentPostprocessing = 0;
		};
/* End PBXSourcesBuildPhase section */

/* Begin PBXTargetDependency section */
		7B92F2C32DB4F90800FDC9BF /* PBXTargetDependency */ = {
			isa = PBXTargetDependency;
			target = 7B92F2B02DB4F90600FDC9BF /* cryptoTracker */;
			targetProxy = 7B92F2C22DB4F90800FDC9BF /* PBXContainerItemProxy */;
		};
		7B92F2CD2DB4F90800FDC9BF /* PBXTargetDependency */ = {
			isa = PBXTargetDependency;
			target = 7B92F2B02DB4F90600FDC9BF /* cryptoTracker */;
			targetProxy = 7B92F2CC2DB4F90800FDC9BF /* PBXContainerItemProxy */;
		};
/* End PBXTargetDependency section */

/* Begin XCBuildConfiguration section */
		7B92F2D32DB4F90800FDC9BF /* Debug */ = {
			isa = XCBuildConfiguration;
			buildSettings = {
				ALWAYS_SEARCH_USER_PATHS = NO;
				ASSETCATALOG_COMPILER_GENERATE_SWIFT_ASSET_SYMBOL_EXTENSIONS = YES;
				CLANG_ANALYZER_NONNULL = YES;
				CLANG_ANALYZER_NUMBER_OBJECT_CONVERSION = YES_AGGRESSIVE;
				CLANG_CXX_LANGUAGE_STANDARD = "gnu++20";
				CLANG_ENABLE_MODULES = YES;
				CLANG_ENABLE_OBJC_ARC = YES;
				CLANG_ENABLE_OBJC_WEAK = YES;
				CLANG_WARN_BLOCK_CAPTURE_AUTORELEASING = YES;
				CLANG_WARN_BOOL_CONVERSION = YES;
				CLANG_WARN_COMMA = YES;
				CLANG_WARN_CONSTANT_CONVERSION = YES;
				CLANG_WARN_DEPRECATED_OBJC_IMPLEMENTATIONS = YES;
				CLANG_WARN_DIRECT_OBJC_ISA_USAGE = YES_ERROR;
				CLANG_WARN_DOCUMENTATION_COMMENTS = YES;
				CLANG_WARN_EMPTY_BODY = YES;
				CLANG_WARN_ENUM_CONVERSION = YES;
				CLANG_WARN_INFINITE_RECURSION = YES;
				CLANG_WARN_INT_CONVERSION = YES;
				CLANG_WARN_NON_LITERAL_NULL_CONVERSION = YES;
				CLANG_WARN_OBJC_IMPLICIT_RETAIN_SELF = YES;
				CLANG_WARN_OBJC_LITERAL_CONVERSION = YES;
				CLANG_WARN_OBJC_ROOT_CLASS = YES_ERROR;
				CLANG_WARN_QUOTED_INCLUDE_IN_FRAMEWORK_HEADER = YES;
				CLANG_WARN_RANGE_LOOP_ANALYSIS = YES;
				CLANG_WARN_STRICT_PROTOTYPES = YES;
				CLANG_WARN_SUSPICIOUS_MOVE = YES;
				CLANG_WARN_UNGUARDED_AVAILABILITY = YES_AGGRESSIVE;
				CLANG_WARN_UNREACHABLE_CODE = YES;
				CLANG_WARN__DUPLICATE_METHOD_MATCH = YES;
				COPY_PHASE_STRIP = NO;
				DEBUG_INFORMATION_FORMAT = dwarf;
				ENABLE_STRICT_OBJC_MSGSEND = YES;
				ENABLE_TESTABILITY = YES;
				ENABLE_USER_SCRIPT_SANDBOXING = YES;
				GCC_C_LANGUAGE_STANDARD = gnu17;
				GCC_DYNAMIC_NO_PIC = NO;
				GCC_NO_COMMON_BLOCKS = YES;
				GCC_OPTIMIZATION_LEVEL = 0;
				GCC_PREPROCESSOR_DEFINITIONS = (
					"DEBUG=1",
					"$(inherited)",
				);
				GCC_WARN_64_TO_32_BIT_CONVERSION = YES;
				GCC_WARN_ABOUT_RETURN_TYPE = YES_ERROR;
				GCC_WARN_UNDECLARED_SELECTOR = YES;
				GCC_WARN_UNINITIALIZED_AUTOS = YES_AGGRESSIVE;
				GCC_WARN_UNUSED_FUNCTION = YES;
				GCC_WARN_UNUSED_VARIABLE = YES;
				IPHONEOS_DEPLOYMENT_TARGET = 18.2;
				LOCALIZATION_PREFERS_STRING_CATALOGS = YES;
				MTL_ENABLE_DEBUG_INFO = INCLUDE_SOURCE;
				MTL_FAST_MATH = YES;
				ONLY_ACTIVE_ARCH = YES;
				SDKROOT = iphoneos;
				SWIFT_ACTIVE_COMPILATION_CONDITIONS = "DEBUG $(inherited)";
				SWIFT_OPTIMIZATION_LEVEL = "-Onone";
			};
			name = Debug;
		};
		7B92F2D42DB4F90800FDC9BF /* Release */ = {
			isa = XCBuildConfiguration;
			buildSettings = {
				ALWAYS_SEARCH_USER_PATHS = NO;
				ASSETCATALOG_COMPILER_GENERATE_SWIFT_ASSET_SYMBOL_EXTENSIONS = YES;
				CLANG_ANALYZER_NONNULL = YES;
				CLANG_ANALYZER_NUMBER_OBJECT_CONVERSION = YES_AGGRESSIVE;
				CLANG_CXX_LANGUAGE_STANDARD = "gnu++20";
				CLANG_ENABLE_MODULES = YES;
				CLANG_ENABLE_OBJC_ARC = YES;
				CLANG_ENABLE_OBJC_WEAK = YES;
				CLANG_WARN_BLOCK_CAPTURE_AUTORELEASING = YES;
				CLANG_WARN_BOOL_CONVERSION = YES;
				CLANG_WARN_COMMA = YES;
				CLANG_WARN_CONSTANT_CONVERSION = YES;
				CLANG_WARN_DEPRECATED_OBJC_IMPLEMENTATIONS = YES;
				CLANG_WARN_DIRECT_OBJC_ISA_USAGE = YES_ERROR;
				CLANG_WARN_DOCUMENTATION_COMMENTS = YES;
				CLANG_WARN_EMPTY_BODY = YES;
				CLANG_WARN_ENUM_CONVERSION = YES;
				CLANG_WARN_INFINITE_RECURSION = YES;
				CLANG_WARN_INT_CONVERSION = YES;
				CLANG_WARN_NON_LITERAL_NULL_CONVERSION = YES;
				CLANG_WARN_OBJC_IMPLICIT_RETAIN_SELF = YES;
				CLANG_WARN_OBJC_LITERAL_CONVERSION = YES;
				CLANG_WARN_OBJC_ROOT_CLASS = YES_ERROR;
				CLANG_WARN_QUOTED_INCLUDE_IN_FRAMEWORK_HEADER = YES;
				CLANG_WARN_RANGE_LOOP_ANALYSIS = YES;
				CLANG_WARN_STRICT_PROTOTYPES = YES;
				CLANG_WARN_SUSPICIOUS_MOVE = YES;
				CLANG_WARN_UNGUARDED_AVAILABILITY = YES_AGGRESSIVE;
				CLANG_WARN_UNREACHABLE_CODE = YES;
				CLANG_WARN__DUPLICATE_METHOD_MATCH = YES;
				COPY_PHASE_STRIP = NO;
				DEBUG_INFORMATION_FORMAT = "dwarf-with-dsym";
				ENABLE_NS_ASSERTIONS = NO;
				ENABLE_STRICT_OBJC_MSGSEND = YES;
				ENABLE_USER_SCRIPT_SANDBOXING = YES;
				GCC_C_LANGUAGE_STANDARD = gnu17;
				GCC_NO_COMMON_BLOCKS = YES;
				GCC_WARN_64_TO_32_BIT_CONVERSION = YES;
				GCC_WARN_ABOUT_RETURN_TYPE = YES_ERROR;
				GCC_WARN_UNDECLARED_SELECTOR = YES;
				GCC_WARN_UNINITIALIZED_AUTOS = YES_AGGRESSIVE;
				GCC_WARN_UNUSED_FUNCTION = YES;
				GCC_WARN_UNUSED_VARIABLE = YES;
				IPHONEOS_DEPLOYMENT_TARGET = 18.2;
				LOCALIZATION_PREFERS_STRING_CATALOGS = YES;
				MTL_ENABLE_DEBUG_INFO = NO;
				MTL_FAST_MATH = YES;
				SDKROOT = iphoneos;
				SWIFT_COMPILATION_MODE = wholemodule;
				VALIDATE_PRODUCT = YES;
			};
			name = Release;
		};
		7B92F2D62DB4F90800FDC9BF /* Debug */ = {
			isa = XCBuildConfiguration;
			buildSettings = {
				ASSETCATALOG_COMPILER_APPICON_NAME = AppIcon;
				ASSETCATALOG_COMPILER_GLOBAL_ACCENT_COLOR_NAME = AccentColor;
				CODE_SIGN_STYLE = Automatic;
				CURRENT_PROJECT_VERSION = 1;
				DEVELOPMENT_ASSET_PATHS = "\"cryptoTracker/Preview Content\"";
				ENABLE_PREVIEWS = YES;
				ENABLE_USER_SCRIPT_SANDBOXING = NO;
				GENERATE_INFOPLIST_FILE = YES;
				INFOPLIST_KEY_UIApplicationSceneManifest_Generation = YES;
				INFOPLIST_KEY_UIApplicationSupportsIndirectInputEvents = YES;
				INFOPLIST_KEY_UILaunchScreen_Generation = YES;
				INFOPLIST_KEY_UISupportedInterfaceOrientations_iPad = "UIInterfaceOrientationPortrait UIInterfaceOrientationPortraitUpsideDown UIInterfaceOrientationLandscapeLeft UIInterfaceOrientationLandscapeRight";
				INFOPLIST_KEY_UISupportedInterfaceOrientations_iPhone = "UIInterfaceOrientationPortrait UIInterfaceOrientationLandscapeLeft UIInterfaceOrientationLandscapeRight";
				LD_RUNPATH_SEARCH_PATHS = (
					"$(inherited)",
					"@executable_path/Frameworks",
				);
				MARKETING_VERSION = 1.0;
				PRODUCT_BUNDLE_IDENTIFIER = com.oguzhan.cryptoTracker;
				PRODUCT_NAME = "$(TARGET_NAME)";
				SWIFT_EMIT_LOC_STRINGS = YES;
				SWIFT_VERSION = 5.0;
				TARGETED_DEVICE_FAMILY = "1,2";
			};
			name = Debug;
		};
		7B92F2D72DB4F90800FDC9BF /* Release */ = {
			isa = XCBuildConfiguration;
			buildSettings = {
				ASSETCATALOG_COMPILER_APPICON_NAME = AppIcon;
				ASSETCATALOG_COMPILER_GLOBAL_ACCENT_COLOR_NAME = AccentColor;
				CODE_SIGN_STYLE = Automatic;
				CURRENT_PROJECT_VERSION = 1;
				DEVELOPMENT_ASSET_PATHS = "\"cryptoTracker/Preview Content\"";
				ENABLE_PREVIEWS = YES;
				ENABLE_USER_SCRIPT_SANDBOXING = NO;
				GENERATE_INFOPLIST_FILE = YES;
				INFOPLIST_KEY_UIApplicationSceneManifest_Generation = YES;
				INFOPLIST_KEY_UIApplicationSupportsIndirectInputEvents = YES;
				INFOPLIST_KEY_UILaunchScreen_Generation = YES;
				INFOPLIST_KEY_UISupportedInterfaceOrientations_iPad = "UIInterfaceOrientationPortrait UIInterfaceOrientationPortraitUpsideDown UIInterfaceOrientationLandscapeLeft UIInterfaceOrientationLandscapeRight";
				INFOPLIST_KEY_UISupportedInterfaceOrientations_iPhone = "UIInterfaceOrientationPortrait UIInterfaceOrientationLandscapeLeft UIInterfaceOrientationLandscapeRight";
				LD_RUNPATH_SEARCH_PATHS = (
					"$(inherited)",
					"@executable_path/Frameworks",
				);
				MARKETING_VERSION = 1.0;
				PRODUCT_BUNDLE_IDENTIFIER = com.oguzhan.cryptoTracker;
				PRODUCT_NAME = "$(TARGET_NAME)";
				SWIFT_EMIT_LOC_STRINGS = YES;
				SWIFT_VERSION = 5.0;
				TARGETED_DEVICE_FAMILY = "1,2";
			};
			name = Release;
		};
		7B92F2D92DB4F90800FDC9BF /* Debug */ = {
			isa = XCBuildConfiguration;
			buildSettings = {
				BUNDLE_LOADER = "$(TEST_HOST)";
				CODE_SIGN_STYLE = Automatic;
				CURRENT_PROJECT_VERSION = 1;
				GENERATE_INFOPLIST_FILE = YES;
				IPHONEOS_DEPLOYMENT_TARGET = 18.2;
				MARKETING_VERSION = 1.0;
				PRODUCT_BUNDLE_IDENTIFIER = com.oguzhan.cryptoTrackerTests;
				PRODUCT_NAME = "$(TARGET_NAME)";
				SWIFT_EMIT_LOC_STRINGS = NO;
				SWIFT_VERSION = 5.0;
				TARGETED_DEVICE_FAMILY = "1,2";
				TEST_HOST = "$(BUILT_PRODUCTS_DIR)/cryptoTracker.app/$(BUNDLE_EXECUTABLE_FOLDER_PATH)/cryptoTracker";
			};
			name = Debug;
		};
		7B92F2DA2DB4F90800FDC9BF /* Release */ = {
			isa = XCBuildConfiguration;
			buildSettings = {
				BUNDLE_LOADER = "$(TEST_HOST)";
				CODE_SIGN_STYLE = Automatic;
				CURRENT_PROJECT_VERSION = 1;
				GENERATE_INFOPLIST_FILE = YES;
				IPHONEOS_DEPLOYMENT_TARGET = 18.2;
				MARKETING_VERSION = 1.0;
				PRODUCT_BUNDLE_IDENTIFIER = com.oguzhan.cryptoTrackerTests;
				PRODUCT_NAME = "$(TARGET_NAME)";
				SWIFT_EMIT_LOC_STRINGS = NO;
				SWIFT_VERSION = 5.0;
				TARGETED_DEVICE_FAMILY = "1,2";
				TEST_HOST = "$(BUILT_PRODUCTS_DIR)/cryptoTracker.app/$(BUNDLE_EXECUTABLE_FOLDER_PATH)/cryptoTracker";
			};
			name = Release;
		};
		7B92F2DC2DB4F90800FDC9BF /* Debug */ = {
			isa = XCBuildConfiguration;
			buildSettings = {
				CODE_SIGN_STYLE = Automatic;
				CURRENT_PROJECT_VERSION = 1;
				GENERATE_INFOPLIST_FILE = YES;
				MARKETING_VERSION = 1.0;
				PRODUCT_BUNDLE_IDENTIFIER = com.oguzhan.cryptoTrackerUITests;
				PRODUCT_NAME = "$(TARGET_NAME)";
				SWIFT_EMIT_LOC_STRINGS = NO;
				SWIFT_VERSION = 5.0;
				TARGETED_DEVICE_FAMILY = "1,2";
				TEST_TARGET_NAME = cryptoTracker;
			};
			name = Debug;
		};
		7B92F2DD2DB4F90800FDC9BF /* Release */ = {
			isa = XCBuildConfiguration;
			buildSettings = {
				CODE_SIGN_STYLE = Automatic;
				CURRENT_PROJECT_VERSION = 1;
				GENERATE_INFOPLIST_FILE = YES;
				MARKETING_VERSION = 1.0;
				PRODUCT_BUNDLE_IDENTIFIER = com.oguzhan.cryptoTrackerUITests;
				PRODUCT_NAME = "$(TARGET_NAME)";
				SWIFT_EMIT_LOC_STRINGS = NO;
				SWIFT_VERSION = 5.0;
				TARGETED_DEVICE_FAMILY = "1,2";
				TEST_TARGET_NAME = cryptoTracker;
			};
			name = Release;
		};
/* End XCBuildConfiguration section */

/* Begin XCConfigurationList section */
		7B92F2AC2DB4F90600FDC9BF /* Build configuration list for PBXProject "cryptoTracker" */ = {
			isa = XCConfigurationList;
			buildConfigurations = (
				7B92F2D32DB4F90800FDC9BF /* Debug */,
				7B92F2D42DB4F90800FDC9BF /* Release */,
			);
			defaultConfigurationIsVisible = 0;
			defaultConfigurationName = Release;
		};
		7B92F2D52DB4F90800FDC9BF /* Build configuration list for PBXNativeTarget "cryptoTracker" */ = {
			isa = XCConfigurationList;
			buildConfigurations = (
				7B92F2D62DB4F90800FDC9BF /* Debug */,
				7B92F2D72DB4F90800FDC9BF /* Release */,
			);
			defaultConfigurationIsVisible = 0;
			defaultConfigurationName = Release;
		};
		7B92F2D82DB4F90800FDC9BF /* Build configuration list for PBXNativeTarget "cryptoTrackerTests" */ = {
			isa = XCConfigurationList;
			buildConfigurations = (
				7B92F2D92DB4F90800FDC9BF /* Debug */,
				7B92F2DA2DB4F90800FDC9BF /* Release */,
			);
			defaultConfigurationIsVisible = 0;
			defaultConfigurationName = Release;
		};
		7B92F2DB2DB4F90800FDC9BF /* Build configuration list for PBXNativeTarget "cryptoTrackerUITests" */ = {
			isa = XCConfigurationList;
			buildConfigurations = (
				7B92F2DC2DB4F90800FDC9BF /* Debug */,
				7B92F2DD2DB4F90800FDC9BF /* Release */,
			);
			defaultConfigurationIsVisible = 0;
			defaultConfigurationName = Release;
		};
/* End XCConfigurationList section */
	};
	rootObject = 7B92F2A92DB4F90600FDC9BF /* Project object */;
}
